
Microsoft Visual Studio Solution File, Format Version 12.00
# Visual Studio Version 16
VisualStudioVersion = 16.0.30907.101
MinimumVisualStudioVersion = 10.0.40219.1
Project("{9A19103F-16F7-4668-BE54-9A1E7A4F7556}") = "ServerKernel", "ServerArchitecture\ServerKernel.csproj", "{EA2E0C57-A76F-4D51-948E-6AE0AC45F097}"
EndProject
Project("{2150E333-8FDC-42A3-9474-1A3956D46DE8}") = "Utilities", "Utilities", "{ED594F61-9264-44B5-8769-4BDCECE4DBA9}"
EndProject
Project("{9A19103F-16F7-4668-BE54-9A1E7A4F7556}") = "Kernel", "BasicImplementation\Kernel.csproj", "{F78920D1-F7C1-4643-AD09-CA3321855BB0}"
EndProject
Project("{9A19103F-16F7-4668-BE54-9A1E7A4F7556}") = "LogUtils", "..\Utilities\LogUtils\LogUtils.csproj", "{8914B82A-DC73-43E9-B179-14FA792D4892}"
EndProject
Project("{9A19103F-16F7-4668-BE54-9A1E7A4F7556}") = "MessageUtils", "..\Utilities\MessageUtils\MessageUtils.csproj", "{2F2A1096-E9C5-4F84-B0EC-CD7820DB3DF8}"
EndProject
Project("{9A19103F-16F7-4668-BE54-9A1E7A4F7556}") = "NetworkUtils", "..\Utilities\NetworkUtils\NetworkUtils.csproj", "{EC4ACE3A-7F77-4070-A4FB-35B0C6C50DC0}"
EndProject
Project("{9A19103F-16F7-4668-BE54-9A1E7A4F7556}") = "SyncUtils", "..\Utilities\SyncUtils\SyncUtils.csproj", "{8EF1B95F-CCE3-4B5B-98CC-614A1858CEA1}"
EndProject
Project("{2150E333-8FDC-42A3-9474-1A3956D46DE8}") = "Server", "Server", "{A33336A6-3793-49B2-8283-700FDE1D00D0}"
EndProject
Project("{9A19103F-16F7-4668-BE54-9A1E7A4F7556}") = "DiagnosticsUtils", "DiagnosticsUtils\DiagnosticsUtils.csproj", "{4B5D4E7A-AD25-4B7D-8C4E-22CEB5963019}"
EndProject
Project("{9A19103F-16F7-4668-BE54-9A1E7A4F7556}") = "PatternUtils", "..\Utilities\PatternUtils\PatternUtils.csproj", "{54F8D1A0-004A-47B9-947A-937B5D317E5F}"
EndProject
Project("{9A19103F-16F7-4668-BE54-9A1E7A4F7556}") = "DllUtils", "..\Utilities\DllUtils\DllUtils.csproj", "{BFE14345-05CF-445D-9FBC-7FEB7671CB3C}"
EndProject
Project("{9A19103F-16F7-4668-BE54-9A1E7A4F7556}") = "ServerTests", "ServerTests\ServerTests.csproj", "{688DB6F1-535F-4E6A-9DB1-D4DE4E1CFBE2}"
EndProject
Project("{9A19103F-16F7-4668-BE54-9A1E7A4F7556}") = "ServerUtils", "..\Utilities\ServerUtils\ServerUtils.csproj", "{051279F9-BF40-481A-9573-9EFF24351E5A}"
EndProject
Project("{9A19103F-16F7-4668-BE54-9A1E7A4F7556}") = "UtilTests", "..\Utilities\UtilTests\UtilTests.csproj", "{31EA8383-3279-4E2F-B843-8312E8658312}"
EndProject
Global
	GlobalSection(SolutionConfigurationPlatforms) = preSolution
		Debug|Any CPU = Debug|Any CPU
		LinuxTEst|Any CPU = LinuxTEst|Any CPU
		Release|Any CPU = Release|Any CPU
	EndGlobalSection
	GlobalSection(ProjectConfigurationPlatforms) = postSolution
		{EA2E0C57-A76F-4D51-948E-6AE0AC45F097}.Debug|Any CPU.ActiveCfg = Debug|Any CPU
		{EA2E0C57-A76F-4D51-948E-6AE0AC45F097}.Debug|Any CPU.Build.0 = Debug|Any CPU
		{EA2E0C57-A76F-4D51-948E-6AE0AC45F097}.LinuxTEst|Any CPU.ActiveCfg = Debug|Any CPU
		{EA2E0C57-A76F-4D51-948E-6AE0AC45F097}.LinuxTEst|Any CPU.Build.0 = Debug|Any CPU
		{EA2E0C57-A76F-4D51-948E-6AE0AC45F097}.Release|Any CPU.ActiveCfg = Release|Any CPU
		{EA2E0C57-A76F-4D51-948E-6AE0AC45F097}.Release|Any CPU.Build.0 = Release|Any CPU
		{F78920D1-F7C1-4643-AD09-CA3321855BB0}.Debug|Any CPU.ActiveCfg = Debug|Any CPU
		{F78920D1-F7C1-4643-AD09-CA3321855BB0}.Debug|Any CPU.Build.0 = Debug|Any CPU
		{F78920D1-F7C1-4643-AD09-CA3321855BB0}.LinuxTEst|Any CPU.ActiveCfg = Debug|Any CPU
		{F78920D1-F7C1-4643-AD09-CA3321855BB0}.LinuxTEst|Any CPU.Build.0 = Debug|Any CPU
		{F78920D1-F7C1-4643-AD09-CA3321855BB0}.Release|Any CPU.ActiveCfg = Release|Any CPU
		{F78920D1-F7C1-4643-AD09-CA3321855BB0}.Release|Any CPU.Build.0 = Release|Any CPU
		{8914B82A-DC73-43E9-B179-14FA792D4892}.Debug|Any CPU.ActiveCfg = Debug|Any CPU
		{8914B82A-DC73-43E9-B179-14FA792D4892}.Debug|Any CPU.Build.0 = Debug|Any CPU
		{8914B82A-DC73-43E9-B179-14FA792D4892}.LinuxTEst|Any CPU.ActiveCfg = Debug|Any CPU
		{8914B82A-DC73-43E9-B179-14FA792D4892}.LinuxTEst|Any CPU.Build.0 = Debug|Any CPU
		{8914B82A-DC73-43E9-B179-14FA792D4892}.Release|Any CPU.ActiveCfg = Release|Any CPU
		{8914B82A-DC73-43E9-B179-14FA792D4892}.Release|Any CPU.Build.0 = Release|Any CPU
		{2F2A1096-E9C5-4F84-B0EC-CD7820DB3DF8}.Debug|Any CPU.ActiveCfg = Debug|Any CPU
		{2F2A1096-E9C5-4F84-B0EC-CD7820DB3DF8}.Debug|Any CPU.Build.0 = Debug|Any CPU
		{2F2A1096-E9C5-4F84-B0EC-CD7820DB3DF8}.LinuxTEst|Any CPU.ActiveCfg = Debug|Any CPU
		{2F2A1096-E9C5-4F84-B0EC-CD7820DB3DF8}.LinuxTEst|Any CPU.Build.0 = Debug|Any CPU
		{2F2A1096-E9C5-4F84-B0EC-CD7820DB3DF8}.Release|Any CPU.ActiveCfg = Release|Any CPU
		{2F2A1096-E9C5-4F84-B0EC-CD7820DB3DF8}.Release|Any CPU.Build.0 = Release|Any CPU
		{EC4ACE3A-7F77-4070-A4FB-35B0C6C50DC0}.Debug|Any CPU.ActiveCfg = Debug|Any CPU
		{EC4ACE3A-7F77-4070-A4FB-35B0C6C50DC0}.Debug|Any CPU.Build.0 = Debug|Any CPU
		{EC4ACE3A-7F77-4070-A4FB-35B0C6C50DC0}.LinuxTEst|Any CPU.ActiveCfg = Debug|Any CPU
		{EC4ACE3A-7F77-4070-A4FB-35B0C6C50DC0}.LinuxTEst|Any CPU.Build.0 = Debug|Any CPU
		{EC4ACE3A-7F77-4070-A4FB-35B0C6C50DC0}.Release|Any CPU.ActiveCfg = Release|Any CPU
		{EC4ACE3A-7F77-4070-A4FB-35B0C6C50DC0}.Release|Any CPU.Build.0 = Release|Any CPU
		{8EF1B95F-CCE3-4B5B-98CC-614A1858CEA1}.Debug|Any CPU.ActiveCfg = Debug|Any CPU
		{8EF1B95F-CCE3-4B5B-98CC-614A1858CEA1}.Debug|Any CPU.Build.0 = Debug|Any CPU
		{8EF1B95F-CCE3-4B5B-98CC-614A1858CEA1}.LinuxTEst|Any CPU.ActiveCfg = Debug|Any CPU
		{8EF1B95F-CCE3-4B5B-98CC-614A1858CEA1}.LinuxTEst|Any CPU.Build.0 = Debug|Any CPU
		{8EF1B95F-CCE3-4B5B-98CC-614A1858CEA1}.Release|Any CPU.ActiveCfg = Release|Any CPU
		{8EF1B95F-CCE3-4B5B-98CC-614A1858CEA1}.Release|Any CPU.Build.0 = Release|Any CPU
		{4B5D4E7A-AD25-4B7D-8C4E-22CEB5963019}.Debug|Any CPU.ActiveCfg = Debug|Any CPU
		{4B5D4E7A-AD25-4B7D-8C4E-22CEB5963019}.Debug|Any CPU.Build.0 = Debug|Any CPU
		{4B5D4E7A-AD25-4B7D-8C4E-22CEB5963019}.LinuxTEst|Any CPU.ActiveCfg = Debug|Any CPU
		{4B5D4E7A-AD25-4B7D-8C4E-22CEB5963019}.LinuxTEst|Any CPU.Build.0 = Debug|Any CPU
		{4B5D4E7A-AD25-4B7D-8C4E-22CEB5963019}.Release|Any CPU.ActiveCfg = Release|Any CPU
		{4B5D4E7A-AD25-4B7D-8C4E-22CEB5963019}.Release|Any CPU.Build.0 = Release|Any CPU
		{54F8D1A0-004A-47B9-947A-937B5D317E5F}.Debug|Any CPU.ActiveCfg = Debug|Any CPU
		{54F8D1A0-004A-47B9-947A-937B5D317E5F}.Debug|Any CPU.Build.0 = Debug|Any CPU
		{54F8D1A0-004A-47B9-947A-937B5D317E5F}.LinuxTEst|Any CPU.ActiveCfg = Debug|Any CPU
		{54F8D1A0-004A-47B9-947A-937B5D317E5F}.LinuxTEst|Any CPU.Build.0 = Debug|Any CPU
		{54F8D1A0-004A-47B9-947A-937B5D317E5F}.Release|Any CPU.ActiveCfg = Release|Any CPU
		{54F8D1A0-004A-47B9-947A-937B5D317E5F}.Release|Any CPU.Build.0 = Release|Any CPU
		{BFE14345-05CF-445D-9FBC-7FEB7671CB3C}.Debug|Any CPU.ActiveCfg = Debug|Any CPU
		{BFE14345-05CF-445D-9FBC-7FEB7671CB3C}.Debug|Any CPU.Build.0 = Debug|Any CPU
		{BFE14345-05CF-445D-9FBC-7FEB7671CB3C}.LinuxTEst|Any CPU.ActiveCfg = Debug|Any CPU
		{BFE14345-05CF-445D-9FBC-7FEB7671CB3C}.LinuxTEst|Any CPU.Build.0 = Debug|Any CPU
		{BFE14345-05CF-445D-9FBC-7FEB7671CB3C}.Release|Any CPU.ActiveCfg = Release|Any CPU
		{BFE14345-05CF-445D-9FBC-7FEB7671CB3C}.Release|Any CPU.Build.0 = Release|Any CPU
		{688DB6F1-535F-4E6A-9DB1-D4DE4E1CFBE2}.Debug|Any CPU.ActiveCfg = Debug|Any CPU
		{688DB6F1-535F-4E6A-9DB1-D4DE4E1CFBE2}.Debug|Any CPU.Build.0 = Debug|Any CPU
		{688DB6F1-535F-4E6A-9DB1-D4DE4E1CFBE2}.LinuxTEst|Any CPU.ActiveCfg = Debug|Any CPU
		{688DB6F1-535F-4E6A-9DB1-D4DE4E1CFBE2}.LinuxTEst|Any CPU.Build.0 = Debug|Any CPU
		{688DB6F1-535F-4E6A-9DB1-D4DE4E1CFBE2}.Release|Any CPU.ActiveCfg = Release|Any CPU
		{688DB6F1-535F-4E6A-9DB1-D4DE4E1CFBE2}.Release|Any CPU.Build.0 = Release|Any CPU
		{051279F9-BF40-481A-9573-9EFF24351E5A}.Debug|Any CPU.ActiveCfg = Debug|Any CPU
		{051279F9-BF40-481A-9573-9EFF24351E5A}.Debug|Any CPU.Build.0 = Debug|Any CPU
		{051279F9-BF40-481A-9573-9EFF24351E5A}.LinuxTEst|Any CPU.ActiveCfg = Debug|Any CPU
		{051279F9-BF40-481A-9573-9EFF24351E5A}.LinuxTEst|Any CPU.Build.0 = Debug|Any CPU
		{051279F9-BF40-481A-9573-9EFF24351E5A}.Release|Any CPU.ActiveCfg = Release|Any CPU
		{051279F9-BF40-481A-9573-9EFF24351E5A}.Release|Any CPU.Build.0 = Release|Any CPU
		{31EA8383-3279-4E2F-B843-8312E8658312}.Debug|Any CPU.ActiveCfg = Debug|Any CPU
		{31EA8383-3279-4E2F-B843-8312E8658312}.Debug|Any CPU.Build.0 = Debug|Any CPU
		{31EA8383-3279-4E2F-B843-8312E8658312}.LinuxTEst|Any CPU.ActiveCfg = Debug|Any CPU
		{31EA8383-3279-4E2F-B843-8312E8658312}.LinuxTEst|Any CPU.Build.0 = Debug|Any CPU
		{31EA8383-3279-4E2F-B843-8312E8658312}.Release|Any CPU.ActiveCfg = Release|Any CPU
		{31EA8383-3279-4E2F-B843-8312E8658312}.Release|Any CPU.Build.0 = Release|Any CPU
	EndGlobalSection
	GlobalSection(SolutionProperties) = preSolution
		HideSolutionNode = FALSE
	EndGlobalSection
	GlobalSection(NestedProjects) = preSolution
		{EA2E0C57-A76F-4D51-948E-6AE0AC45F097} = {A33336A6-3793-49B2-8283-700FDE1D00D0}
		{F78920D1-F7C1-4643-AD09-CA3321855BB0} = {A33336A6-3793-49B2-8283-700FDE1D00D0}
		{8914B82A-DC73-43E9-B179-14FA792D4892} = {ED594F61-9264-44B5-8769-4BDCECE4DBA9}
		{2F2A1096-E9C5-4F84-B0EC-CD7820DB3DF8} = {ED594F61-9264-44B5-8769-4BDCECE4DBA9}
		{EC4ACE3A-7F77-4070-A4FB-35B0C6C50DC0} = {ED594F61-9264-44B5-8769-4BDCECE4DBA9}
		{8EF1B95F-CCE3-4B5B-98CC-614A1858CEA1} = {ED594F61-9264-44B5-8769-4BDCECE4DBA9}
		{4B5D4E7A-AD25-4B7D-8C4E-22CEB5963019} = {ED594F61-9264-44B5-8769-4BDCECE4DBA9}
		{54F8D1A0-004A-47B9-947A-937B5D317E5F} = {ED594F61-9264-44B5-8769-4BDCECE4DBA9}
		{BFE14345-05CF-445D-9FBC-7FEB7671CB3C} = {ED594F61-9264-44B5-8769-4BDCECE4DBA9}
		{688DB6F1-535F-4E6A-9DB1-D4DE4E1CFBE2} = {A33336A6-3793-49B2-8283-700FDE1D00D0}
		{051279F9-BF40-481A-9573-9EFF24351E5A} = {ED594F61-9264-44B5-8769-4BDCECE4DBA9}
		{31EA8383-3279-4E2F-B843-8312E8658312} = {ED594F61-9264-44B5-8769-4BDCECE4DBA9}
	EndGlobalSection
	GlobalSection(ExtensibilityGlobals) = postSolution
		SolutionGuid = {E2A99F9B-2FE1-437F-87F5-C8A818A94082}
	EndGlobalSection
EndGlobal
