
Microsoft Visual Studio Solution File, Format Version 12.00
# Visual Studio Version 16
VisualStudioVersion = 16.0.30011.22
MinimumVisualStudioVersion = 10.0.40219.1
Project("{FAE04EC0-301F-11D3-BF4B-00C04F79EFBC}") = "ServerArchitecture", "GameServer\ServerArchitecture.csproj", "{85122CB3-0D89-40B1-AD4B-63F5716EA5DF}"
	ProjectSection(ProjectDependencies) = postProject
		{CD1EEDC5-7B80-40FA-89A5-398CC98165A5} = {CD1EEDC5-7B80-40FA-89A5-398CC98165A5}
	EndProjectSection
EndProject
Project("{FAE04EC0-301F-11D3-BF4B-00C04F79EFBC}") = "BasicImplementation", "ServerImplementation\BasicImplementation.csproj", "{A6A9B15D-8C3D-4767-9E11-A03D5A8CA9AD}"
	ProjectSection(ProjectDependencies) = postProject
		{CD1EEDC5-7B80-40FA-89A5-398CC98165A5} = {CD1EEDC5-7B80-40FA-89A5-398CC98165A5}
	EndProjectSection
EndProject
Project("{FAE04EC0-301F-11D3-BF4B-00C04F79EFBC}") = "SharedData", "GameServerData\SharedData.csproj", "{CD1EEDC5-7B80-40FA-89A5-398CC98165A5}"
EndProject
Project("{FAE04EC0-301F-11D3-BF4B-00C04F79EFBC}") = "NetworkUtils", "NetworkUtils\NetworkUtils.csproj", "{61B9F2C5-E699-4862-949B-050EA7B5B5D3}"
EndProject
Project("{FAE04EC0-301F-11D3-BF4B-00C04F79EFBC}") = "LogUtils", "LogUtils\LogUtils.csproj", "{6E745A30-6B84-4877-9CA0-31530AF4CD55}"
EndProject
Project("{FAE04EC0-301F-11D3-BF4B-00C04F79EFBC}") = "PlayerModule", "ClientModule\PlayerModule.csproj", "{674D52C2-8840-4282-8CA6-8B66AD18F8E2}"
EndProject
Project("{FAE04EC0-301F-11D3-BF4B-00C04F79EFBC}") = "ControlModule", "ControlModule\ControlModule.csproj", "{4EC0FA6C-0CD2-473A-BAF1-6D144D9EC38F}"
EndProject
Project("{FAE04EC0-301F-11D3-BF4B-00C04F79EFBC}") = "TextInterfaceModule", "TextInterfaceModule\TextInterfaceModule.csproj", "{89F78A6E-87E8-440D-8B7A-58087FBA7C1A}"
EndProject
Project("{FAE04EC0-301F-11D3-BF4B-00C04F79EFBC}") = "TextParserUtils", "TextParser\TextParserUtils.csproj", "{7B417A40-3C37-4846-9E66-521BA82B79CA}"
EndProject
Project("{FAE04EC0-301F-11D3-BF4B-00C04F79EFBC}") = "ChatModule", "ChatModule\ChatModule.csproj", "{A47FC1E0-0229-4C88-865E-6FB0B0009869}"
EndProject
Project("{FAE04EC0-301F-11D3-BF4B-00C04F79EFBC}") = "DummyClientModule", "DummyClientModule\DummyClientModule.csproj", "{CEB9080F-FE56-47B6-9644-43E40FF896E6}"
EndProject
Project("{FAE04EC0-301F-11D3-BF4B-00C04F79EFBC}") = "DiagnosticsModule", "DiagnosticsModule\DiagnosticsModule.csproj", "{5F779437-D306-4715-8CA7-A10FBD71EC55}"
EndProject
Project("{FAE04EC0-301F-11D3-BF4B-00C04F79EFBC}") = "MinimalClient", "..\ServerClient\ServerClient\MinimalClient.csproj", "{241D9E2C-ADA1-4C88-AD85-7C2E95FD9F66}"
EndProject
Project("{FAE04EC0-301F-11D3-BF4B-00C04F79EFBC}") = "ClientArchitecture", "..\ServerClient\ServerClientArchitecture\ClientArchitecture.csproj", "{0B150813-C980-498F-BEA9-6972F65A8FC4}"
EndProject
Project("{FAE04EC0-301F-11D3-BF4B-00C04F79EFBC}") = "ServerGUI", "ServerGUI\ServerGUI.csproj", "{6E52CCB5-4451-42A7-AA64-698A9207263F}"
EndProject
Project("{FAE04EC0-301F-11D3-BF4B-00C04F79EFBC}") = "LogModule", "LogModules\LogModule.csproj", "{43459E47-7193-4E83-AD09-BDCC4BECABB6}"
EndProject
Project("{FAE04EC0-301F-11D3-BF4B-00C04F79EFBC}") = "DiagnosticsInterfaces", "DiagnosticsInterfaces\DiagnosticsInterfaces.csproj", "{F1DBA5DB-7839-4B6C-989E-3E134F850BB3}"
EndProject
Project("{FAE04EC0-301F-11D3-BF4B-00C04F79EFBC}") = "MessageUtilities", "MessageUtility\MessageUtilities.csproj", "{E489DE0B-217F-4E8F-A7BD-424AD845CA88}"
EndProject
Project("{FAE04EC0-301F-11D3-BF4B-00C04F79EFBC}") = "GameManagement", "GameManagement\GameManagement.csproj", "{EA0A999D-8522-4D01-92FB-86CA7FB0635C}"
EndProject
Project("{9A19103F-16F7-4668-BE54-9A1E7A4F7556}") = "CLI", "ServerConsole\CLI.csproj", "{92249FBF-7678-4C1D-B365-DF2682293F2E}"
EndProject
Project("{9A19103F-16F7-4668-BE54-9A1E7A4F7556}") = "GameUtilities", "..\GameUtilities\GameUtilities.csproj", "{7E685A02-0348-415D-84E8-4B239821C66F}"
EndProject
Project("{9A19103F-16F7-4668-BE54-9A1E7A4F7556}") = "GameSettingsUtilities", "GameSettingsUtilities\GameSettingsUtilities.csproj", "{D9A6B0D9-12CA-42F8-8D70-CA2758DB97C0}"
EndProject
Project("{FAE04EC0-301F-11D3-BF4B-00C04F79EFBC}") = "Tic Tac Toe", "Tic Tac Toe\Tic Tac Toe.csproj", "{321F702A-B2F3-430E-8E7C-9F2F0C0D1A17}"
EndProject
Project("{9A19103F-16F7-4668-BE54-9A1E7A4F7556}") = "AsyncUtilsLib", "..\..\AsyncUtilsLib\AsyncUtilsLib.csproj", "{FE9C8483-043D-4AF1-9502-2DC8384325ED}"
EndProject
Global
	GlobalSection(SolutionConfigurationPlatforms) = preSolution
		Debug|Any CPU = Debug|Any CPU
		Debug|x64 = Debug|x64
		Debug|x86 = Debug|x86
		LinuxTEst|Any CPU = LinuxTEst|Any CPU
		LinuxTEst|x64 = LinuxTEst|x64
		LinuxTEst|x86 = LinuxTEst|x86
		Release|Any CPU = Release|Any CPU
		Release|x64 = Release|x64
		Release|x86 = Release|x86
	EndGlobalSection
	GlobalSection(ProjectConfigurationPlatforms) = postSolution
		{85122CB3-0D89-40B1-AD4B-63F5716EA5DF}.Debug|Any CPU.ActiveCfg = Debug|Any CPU
		{85122CB3-0D89-40B1-AD4B-63F5716EA5DF}.Debug|Any CPU.Build.0 = Debug|Any CPU
		{85122CB3-0D89-40B1-AD4B-63F5716EA5DF}.Debug|x64.ActiveCfg = Debug|Any CPU
		{85122CB3-0D89-40B1-AD4B-63F5716EA5DF}.Debug|x64.Build.0 = Debug|Any CPU
		{85122CB3-0D89-40B1-AD4B-63F5716EA5DF}.Debug|x86.ActiveCfg = Debug|Any CPU
		{85122CB3-0D89-40B1-AD4B-63F5716EA5DF}.Debug|x86.Build.0 = Debug|Any CPU
		{85122CB3-0D89-40B1-AD4B-63F5716EA5DF}.LinuxTEst|Any CPU.ActiveCfg = LinuxTEst|Any CPU
		{85122CB3-0D89-40B1-AD4B-63F5716EA5DF}.LinuxTEst|Any CPU.Build.0 = LinuxTEst|Any CPU
		{85122CB3-0D89-40B1-AD4B-63F5716EA5DF}.LinuxTEst|x64.ActiveCfg = LinuxTEst|Any CPU
		{85122CB3-0D89-40B1-AD4B-63F5716EA5DF}.LinuxTEst|x64.Build.0 = LinuxTEst|Any CPU
		{85122CB3-0D89-40B1-AD4B-63F5716EA5DF}.LinuxTEst|x86.ActiveCfg = LinuxTEst|Any CPU
		{85122CB3-0D89-40B1-AD4B-63F5716EA5DF}.LinuxTEst|x86.Build.0 = LinuxTEst|Any CPU
		{85122CB3-0D89-40B1-AD4B-63F5716EA5DF}.Release|Any CPU.ActiveCfg = Release|Any CPU
		{85122CB3-0D89-40B1-AD4B-63F5716EA5DF}.Release|Any CPU.Build.0 = Release|Any CPU
		{85122CB3-0D89-40B1-AD4B-63F5716EA5DF}.Release|x64.ActiveCfg = Release|Any CPU
		{85122CB3-0D89-40B1-AD4B-63F5716EA5DF}.Release|x64.Build.0 = Release|Any CPU
		{85122CB3-0D89-40B1-AD4B-63F5716EA5DF}.Release|x86.ActiveCfg = Release|Any CPU
		{85122CB3-0D89-40B1-AD4B-63F5716EA5DF}.Release|x86.Build.0 = Release|Any CPU
		{A6A9B15D-8C3D-4767-9E11-A03D5A8CA9AD}.Debug|Any CPU.ActiveCfg = Debug|Any CPU
		{A6A9B15D-8C3D-4767-9E11-A03D5A8CA9AD}.Debug|Any CPU.Build.0 = Debug|Any CPU
		{A6A9B15D-8C3D-4767-9E11-A03D5A8CA9AD}.Debug|x64.ActiveCfg = Debug|Any CPU
		{A6A9B15D-8C3D-4767-9E11-A03D5A8CA9AD}.Debug|x64.Build.0 = Debug|Any CPU
		{A6A9B15D-8C3D-4767-9E11-A03D5A8CA9AD}.Debug|x86.ActiveCfg = Debug|Any CPU
		{A6A9B15D-8C3D-4767-9E11-A03D5A8CA9AD}.Debug|x86.Build.0 = Debug|Any CPU
		{A6A9B15D-8C3D-4767-9E11-A03D5A8CA9AD}.LinuxTEst|Any CPU.ActiveCfg = LinuxTEst|Any CPU
		{A6A9B15D-8C3D-4767-9E11-A03D5A8CA9AD}.LinuxTEst|Any CPU.Build.0 = LinuxTEst|Any CPU
		{A6A9B15D-8C3D-4767-9E11-A03D5A8CA9AD}.LinuxTEst|x64.ActiveCfg = LinuxTEst|Any CPU
		{A6A9B15D-8C3D-4767-9E11-A03D5A8CA9AD}.LinuxTEst|x64.Build.0 = LinuxTEst|Any CPU
		{A6A9B15D-8C3D-4767-9E11-A03D5A8CA9AD}.LinuxTEst|x86.ActiveCfg = LinuxTEst|Any CPU
		{A6A9B15D-8C3D-4767-9E11-A03D5A8CA9AD}.LinuxTEst|x86.Build.0 = LinuxTEst|Any CPU
		{A6A9B15D-8C3D-4767-9E11-A03D5A8CA9AD}.Release|Any CPU.ActiveCfg = Release|Any CPU
		{A6A9B15D-8C3D-4767-9E11-A03D5A8CA9AD}.Release|Any CPU.Build.0 = Release|Any CPU
		{A6A9B15D-8C3D-4767-9E11-A03D5A8CA9AD}.Release|x64.ActiveCfg = Release|Any CPU
		{A6A9B15D-8C3D-4767-9E11-A03D5A8CA9AD}.Release|x64.Build.0 = Release|Any CPU
		{A6A9B15D-8C3D-4767-9E11-A03D5A8CA9AD}.Release|x86.ActiveCfg = Release|Any CPU
		{A6A9B15D-8C3D-4767-9E11-A03D5A8CA9AD}.Release|x86.Build.0 = Release|Any CPU
		{CD1EEDC5-7B80-40FA-89A5-398CC98165A5}.Debug|Any CPU.ActiveCfg = Debug|Any CPU
		{CD1EEDC5-7B80-40FA-89A5-398CC98165A5}.Debug|Any CPU.Build.0 = Debug|Any CPU
		{CD1EEDC5-7B80-40FA-89A5-398CC98165A5}.Debug|x64.ActiveCfg = Debug|Any CPU
		{CD1EEDC5-7B80-40FA-89A5-398CC98165A5}.Debug|x64.Build.0 = Debug|Any CPU
		{CD1EEDC5-7B80-40FA-89A5-398CC98165A5}.Debug|x86.ActiveCfg = Debug|Any CPU
		{CD1EEDC5-7B80-40FA-89A5-398CC98165A5}.Debug|x86.Build.0 = Debug|Any CPU
		{CD1EEDC5-7B80-40FA-89A5-398CC98165A5}.LinuxTEst|Any CPU.ActiveCfg = LinuxTEst|Any CPU
		{CD1EEDC5-7B80-40FA-89A5-398CC98165A5}.LinuxTEst|Any CPU.Build.0 = LinuxTEst|Any CPU
		{CD1EEDC5-7B80-40FA-89A5-398CC98165A5}.LinuxTEst|x64.ActiveCfg = LinuxTEst|Any CPU
		{CD1EEDC5-7B80-40FA-89A5-398CC98165A5}.LinuxTEst|x64.Build.0 = LinuxTEst|Any CPU
		{CD1EEDC5-7B80-40FA-89A5-398CC98165A5}.LinuxTEst|x86.ActiveCfg = LinuxTEst|Any CPU
		{CD1EEDC5-7B80-40FA-89A5-398CC98165A5}.LinuxTEst|x86.Build.0 = LinuxTEst|Any CPU
		{CD1EEDC5-7B80-40FA-89A5-398CC98165A5}.Release|Any CPU.ActiveCfg = Release|Any CPU
		{CD1EEDC5-7B80-40FA-89A5-398CC98165A5}.Release|Any CPU.Build.0 = Release|Any CPU
		{CD1EEDC5-7B80-40FA-89A5-398CC98165A5}.Release|x64.ActiveCfg = Release|Any CPU
		{CD1EEDC5-7B80-40FA-89A5-398CC98165A5}.Release|x64.Build.0 = Release|Any CPU
		{CD1EEDC5-7B80-40FA-89A5-398CC98165A5}.Release|x86.ActiveCfg = Release|Any CPU
		{CD1EEDC5-7B80-40FA-89A5-398CC98165A5}.Release|x86.Build.0 = Release|Any CPU
		{61B9F2C5-E699-4862-949B-050EA7B5B5D3}.Debug|Any CPU.ActiveCfg = Debug|Any CPU
		{61B9F2C5-E699-4862-949B-050EA7B5B5D3}.Debug|Any CPU.Build.0 = Debug|Any CPU
		{61B9F2C5-E699-4862-949B-050EA7B5B5D3}.Debug|x64.ActiveCfg = Debug|Any CPU
		{61B9F2C5-E699-4862-949B-050EA7B5B5D3}.Debug|x64.Build.0 = Debug|Any CPU
		{61B9F2C5-E699-4862-949B-050EA7B5B5D3}.Debug|x86.ActiveCfg = Debug|Any CPU
		{61B9F2C5-E699-4862-949B-050EA7B5B5D3}.Debug|x86.Build.0 = Debug|Any CPU
		{61B9F2C5-E699-4862-949B-050EA7B5B5D3}.LinuxTEst|Any CPU.ActiveCfg = LinuxTEst|Any CPU
		{61B9F2C5-E699-4862-949B-050EA7B5B5D3}.LinuxTEst|Any CPU.Build.0 = LinuxTEst|Any CPU
		{61B9F2C5-E699-4862-949B-050EA7B5B5D3}.LinuxTEst|x64.ActiveCfg = LinuxTEst|Any CPU
		{61B9F2C5-E699-4862-949B-050EA7B5B5D3}.LinuxTEst|x64.Build.0 = LinuxTEst|Any CPU
		{61B9F2C5-E699-4862-949B-050EA7B5B5D3}.LinuxTEst|x86.ActiveCfg = LinuxTEst|Any CPU
		{61B9F2C5-E699-4862-949B-050EA7B5B5D3}.LinuxTEst|x86.Build.0 = LinuxTEst|Any CPU
		{61B9F2C5-E699-4862-949B-050EA7B5B5D3}.Release|Any CPU.ActiveCfg = Release|Any CPU
		{61B9F2C5-E699-4862-949B-050EA7B5B5D3}.Release|Any CPU.Build.0 = Release|Any CPU
		{61B9F2C5-E699-4862-949B-050EA7B5B5D3}.Release|x64.ActiveCfg = Release|Any CPU
		{61B9F2C5-E699-4862-949B-050EA7B5B5D3}.Release|x64.Build.0 = Release|Any CPU
		{61B9F2C5-E699-4862-949B-050EA7B5B5D3}.Release|x86.ActiveCfg = Release|Any CPU
		{61B9F2C5-E699-4862-949B-050EA7B5B5D3}.Release|x86.Build.0 = Release|Any CPU
		{6E745A30-6B84-4877-9CA0-31530AF4CD55}.Debug|Any CPU.ActiveCfg = Debug|Any CPU
		{6E745A30-6B84-4877-9CA0-31530AF4CD55}.Debug|Any CPU.Build.0 = Debug|Any CPU
		{6E745A30-6B84-4877-9CA0-31530AF4CD55}.Debug|x64.ActiveCfg = Debug|Any CPU
		{6E745A30-6B84-4877-9CA0-31530AF4CD55}.Debug|x64.Build.0 = Debug|Any CPU
		{6E745A30-6B84-4877-9CA0-31530AF4CD55}.Debug|x86.ActiveCfg = Debug|Any CPU
		{6E745A30-6B84-4877-9CA0-31530AF4CD55}.Debug|x86.Build.0 = Debug|Any CPU
		{6E745A30-6B84-4877-9CA0-31530AF4CD55}.LinuxTEst|Any CPU.ActiveCfg = LinuxTEst|Any CPU
		{6E745A30-6B84-4877-9CA0-31530AF4CD55}.LinuxTEst|Any CPU.Build.0 = LinuxTEst|Any CPU
		{6E745A30-6B84-4877-9CA0-31530AF4CD55}.LinuxTEst|x64.ActiveCfg = LinuxTEst|Any CPU
		{6E745A30-6B84-4877-9CA0-31530AF4CD55}.LinuxTEst|x64.Build.0 = LinuxTEst|Any CPU
		{6E745A30-6B84-4877-9CA0-31530AF4CD55}.LinuxTEst|x86.ActiveCfg = LinuxTEst|Any CPU
		{6E745A30-6B84-4877-9CA0-31530AF4CD55}.LinuxTEst|x86.Build.0 = LinuxTEst|Any CPU
		{6E745A30-6B84-4877-9CA0-31530AF4CD55}.Release|Any CPU.ActiveCfg = Release|Any CPU
		{6E745A30-6B84-4877-9CA0-31530AF4CD55}.Release|Any CPU.Build.0 = Release|Any CPU
		{6E745A30-6B84-4877-9CA0-31530AF4CD55}.Release|x64.ActiveCfg = Release|Any CPU
		{6E745A30-6B84-4877-9CA0-31530AF4CD55}.Release|x64.Build.0 = Release|Any CPU
		{6E745A30-6B84-4877-9CA0-31530AF4CD55}.Release|x86.ActiveCfg = Release|Any CPU
		{6E745A30-6B84-4877-9CA0-31530AF4CD55}.Release|x86.Build.0 = Release|Any CPU
		{674D52C2-8840-4282-8CA6-8B66AD18F8E2}.Debug|Any CPU.ActiveCfg = Debug|Any CPU
		{674D52C2-8840-4282-8CA6-8B66AD18F8E2}.Debug|Any CPU.Build.0 = Debug|Any CPU
		{674D52C2-8840-4282-8CA6-8B66AD18F8E2}.Debug|x64.ActiveCfg = Debug|Any CPU
		{674D52C2-8840-4282-8CA6-8B66AD18F8E2}.Debug|x64.Build.0 = Debug|Any CPU
		{674D52C2-8840-4282-8CA6-8B66AD18F8E2}.Debug|x86.ActiveCfg = Debug|Any CPU
		{674D52C2-8840-4282-8CA6-8B66AD18F8E2}.Debug|x86.Build.0 = Debug|Any CPU
		{674D52C2-8840-4282-8CA6-8B66AD18F8E2}.LinuxTEst|Any CPU.ActiveCfg = LinuxTEst|Any CPU
		{674D52C2-8840-4282-8CA6-8B66AD18F8E2}.LinuxTEst|Any CPU.Build.0 = LinuxTEst|Any CPU
		{674D52C2-8840-4282-8CA6-8B66AD18F8E2}.LinuxTEst|x64.ActiveCfg = LinuxTEst|Any CPU
		{674D52C2-8840-4282-8CA6-8B66AD18F8E2}.LinuxTEst|x64.Build.0 = LinuxTEst|Any CPU
		{674D52C2-8840-4282-8CA6-8B66AD18F8E2}.LinuxTEst|x86.ActiveCfg = LinuxTEst|Any CPU
		{674D52C2-8840-4282-8CA6-8B66AD18F8E2}.LinuxTEst|x86.Build.0 = LinuxTEst|Any CPU
		{674D52C2-8840-4282-8CA6-8B66AD18F8E2}.Release|Any CPU.ActiveCfg = Release|Any CPU
		{674D52C2-8840-4282-8CA6-8B66AD18F8E2}.Release|Any CPU.Build.0 = Release|Any CPU
		{674D52C2-8840-4282-8CA6-8B66AD18F8E2}.Release|x64.ActiveCfg = Release|Any CPU
		{674D52C2-8840-4282-8CA6-8B66AD18F8E2}.Release|x64.Build.0 = Release|Any CPU
		{674D52C2-8840-4282-8CA6-8B66AD18F8E2}.Release|x86.ActiveCfg = Release|Any CPU
		{674D52C2-8840-4282-8CA6-8B66AD18F8E2}.Release|x86.Build.0 = Release|Any CPU
		{4EC0FA6C-0CD2-473A-BAF1-6D144D9EC38F}.Debug|Any CPU.ActiveCfg = Debug|Any CPU
		{4EC0FA6C-0CD2-473A-BAF1-6D144D9EC38F}.Debug|Any CPU.Build.0 = Debug|Any CPU
		{4EC0FA6C-0CD2-473A-BAF1-6D144D9EC38F}.Debug|x64.ActiveCfg = Debug|Any CPU
		{4EC0FA6C-0CD2-473A-BAF1-6D144D9EC38F}.Debug|x64.Build.0 = Debug|Any CPU
		{4EC0FA6C-0CD2-473A-BAF1-6D144D9EC38F}.Debug|x86.ActiveCfg = Debug|Any CPU
		{4EC0FA6C-0CD2-473A-BAF1-6D144D9EC38F}.Debug|x86.Build.0 = Debug|Any CPU
		{4EC0FA6C-0CD2-473A-BAF1-6D144D9EC38F}.LinuxTEst|Any CPU.ActiveCfg = LinuxTEst|Any CPU
		{4EC0FA6C-0CD2-473A-BAF1-6D144D9EC38F}.LinuxTEst|Any CPU.Build.0 = LinuxTEst|Any CPU
		{4EC0FA6C-0CD2-473A-BAF1-6D144D9EC38F}.LinuxTEst|x64.ActiveCfg = LinuxTEst|Any CPU
		{4EC0FA6C-0CD2-473A-BAF1-6D144D9EC38F}.LinuxTEst|x64.Build.0 = LinuxTEst|Any CPU
		{4EC0FA6C-0CD2-473A-BAF1-6D144D9EC38F}.LinuxTEst|x86.ActiveCfg = LinuxTEst|Any CPU
		{4EC0FA6C-0CD2-473A-BAF1-6D144D9EC38F}.LinuxTEst|x86.Build.0 = LinuxTEst|Any CPU
		{4EC0FA6C-0CD2-473A-BAF1-6D144D9EC38F}.Release|Any CPU.ActiveCfg = Release|Any CPU
		{4EC0FA6C-0CD2-473A-BAF1-6D144D9EC38F}.Release|Any CPU.Build.0 = Release|Any CPU
		{4EC0FA6C-0CD2-473A-BAF1-6D144D9EC38F}.Release|x64.ActiveCfg = Release|Any CPU
		{4EC0FA6C-0CD2-473A-BAF1-6D144D9EC38F}.Release|x64.Build.0 = Release|Any CPU
		{4EC0FA6C-0CD2-473A-BAF1-6D144D9EC38F}.Release|x86.ActiveCfg = Release|Any CPU
		{4EC0FA6C-0CD2-473A-BAF1-6D144D9EC38F}.Release|x86.Build.0 = Release|Any CPU
		{89F78A6E-87E8-440D-8B7A-58087FBA7C1A}.Debug|Any CPU.ActiveCfg = Debug|Any CPU
		{89F78A6E-87E8-440D-8B7A-58087FBA7C1A}.Debug|Any CPU.Build.0 = Debug|Any CPU
		{89F78A6E-87E8-440D-8B7A-58087FBA7C1A}.Debug|x64.ActiveCfg = Debug|Any CPU
		{89F78A6E-87E8-440D-8B7A-58087FBA7C1A}.Debug|x64.Build.0 = Debug|Any CPU
		{89F78A6E-87E8-440D-8B7A-58087FBA7C1A}.Debug|x86.ActiveCfg = Debug|Any CPU
		{89F78A6E-87E8-440D-8B7A-58087FBA7C1A}.Debug|x86.Build.0 = Debug|Any CPU
		{89F78A6E-87E8-440D-8B7A-58087FBA7C1A}.LinuxTEst|Any CPU.ActiveCfg = LinuxTEst|Any CPU
		{89F78A6E-87E8-440D-8B7A-58087FBA7C1A}.LinuxTEst|Any CPU.Build.0 = LinuxTEst|Any CPU
		{89F78A6E-87E8-440D-8B7A-58087FBA7C1A}.LinuxTEst|x64.ActiveCfg = LinuxTEst|Any CPU
		{89F78A6E-87E8-440D-8B7A-58087FBA7C1A}.LinuxTEst|x64.Build.0 = LinuxTEst|Any CPU
		{89F78A6E-87E8-440D-8B7A-58087FBA7C1A}.LinuxTEst|x86.ActiveCfg = LinuxTEst|Any CPU
		{89F78A6E-87E8-440D-8B7A-58087FBA7C1A}.LinuxTEst|x86.Build.0 = LinuxTEst|Any CPU
		{89F78A6E-87E8-440D-8B7A-58087FBA7C1A}.Release|Any CPU.ActiveCfg = Release|Any CPU
		{89F78A6E-87E8-440D-8B7A-58087FBA7C1A}.Release|Any CPU.Build.0 = Release|Any CPU
		{89F78A6E-87E8-440D-8B7A-58087FBA7C1A}.Release|x64.ActiveCfg = Release|Any CPU
		{89F78A6E-87E8-440D-8B7A-58087FBA7C1A}.Release|x64.Build.0 = Release|Any CPU
		{89F78A6E-87E8-440D-8B7A-58087FBA7C1A}.Release|x86.ActiveCfg = Release|Any CPU
		{89F78A6E-87E8-440D-8B7A-58087FBA7C1A}.Release|x86.Build.0 = Release|Any CPU
		{7B417A40-3C37-4846-9E66-521BA82B79CA}.Debug|Any CPU.ActiveCfg = Debug|Any CPU
		{7B417A40-3C37-4846-9E66-521BA82B79CA}.Debug|Any CPU.Build.0 = Debug|Any CPU
		{7B417A40-3C37-4846-9E66-521BA82B79CA}.Debug|x64.ActiveCfg = Debug|Any CPU
		{7B417A40-3C37-4846-9E66-521BA82B79CA}.Debug|x64.Build.0 = Debug|Any CPU
		{7B417A40-3C37-4846-9E66-521BA82B79CA}.Debug|x86.ActiveCfg = Debug|Any CPU
		{7B417A40-3C37-4846-9E66-521BA82B79CA}.Debug|x86.Build.0 = Debug|Any CPU
		{7B417A40-3C37-4846-9E66-521BA82B79CA}.LinuxTEst|Any CPU.ActiveCfg = LinuxTEst|Any CPU
		{7B417A40-3C37-4846-9E66-521BA82B79CA}.LinuxTEst|Any CPU.Build.0 = LinuxTEst|Any CPU
		{7B417A40-3C37-4846-9E66-521BA82B79CA}.LinuxTEst|x64.ActiveCfg = LinuxTEst|Any CPU
		{7B417A40-3C37-4846-9E66-521BA82B79CA}.LinuxTEst|x64.Build.0 = LinuxTEst|Any CPU
		{7B417A40-3C37-4846-9E66-521BA82B79CA}.LinuxTEst|x86.ActiveCfg = LinuxTEst|Any CPU
		{7B417A40-3C37-4846-9E66-521BA82B79CA}.LinuxTEst|x86.Build.0 = LinuxTEst|Any CPU
		{7B417A40-3C37-4846-9E66-521BA82B79CA}.Release|Any CPU.ActiveCfg = Release|Any CPU
		{7B417A40-3C37-4846-9E66-521BA82B79CA}.Release|Any CPU.Build.0 = Release|Any CPU
		{7B417A40-3C37-4846-9E66-521BA82B79CA}.Release|x64.ActiveCfg = Release|Any CPU
		{7B417A40-3C37-4846-9E66-521BA82B79CA}.Release|x64.Build.0 = Release|Any CPU
		{7B417A40-3C37-4846-9E66-521BA82B79CA}.Release|x86.ActiveCfg = Release|Any CPU
		{7B417A40-3C37-4846-9E66-521BA82B79CA}.Release|x86.Build.0 = Release|Any CPU
		{A47FC1E0-0229-4C88-865E-6FB0B0009869}.Debug|Any CPU.ActiveCfg = Debug|Any CPU
		{A47FC1E0-0229-4C88-865E-6FB0B0009869}.Debug|Any CPU.Build.0 = Debug|Any CPU
		{A47FC1E0-0229-4C88-865E-6FB0B0009869}.Debug|x64.ActiveCfg = Debug|Any CPU
		{A47FC1E0-0229-4C88-865E-6FB0B0009869}.Debug|x64.Build.0 = Debug|Any CPU
		{A47FC1E0-0229-4C88-865E-6FB0B0009869}.Debug|x86.ActiveCfg = Debug|Any CPU
		{A47FC1E0-0229-4C88-865E-6FB0B0009869}.Debug|x86.Build.0 = Debug|Any CPU
		{A47FC1E0-0229-4C88-865E-6FB0B0009869}.LinuxTEst|Any CPU.ActiveCfg = LinuxTEst|Any CPU
		{A47FC1E0-0229-4C88-865E-6FB0B0009869}.LinuxTEst|Any CPU.Build.0 = LinuxTEst|Any CPU
		{A47FC1E0-0229-4C88-865E-6FB0B0009869}.LinuxTEst|x64.ActiveCfg = LinuxTEst|Any CPU
		{A47FC1E0-0229-4C88-865E-6FB0B0009869}.LinuxTEst|x64.Build.0 = LinuxTEst|Any CPU
		{A47FC1E0-0229-4C88-865E-6FB0B0009869}.LinuxTEst|x86.ActiveCfg = LinuxTEst|Any CPU
		{A47FC1E0-0229-4C88-865E-6FB0B0009869}.LinuxTEst|x86.Build.0 = LinuxTEst|Any CPU
		{A47FC1E0-0229-4C88-865E-6FB0B0009869}.Release|Any CPU.ActiveCfg = Release|Any CPU
		{A47FC1E0-0229-4C88-865E-6FB0B0009869}.Release|Any CPU.Build.0 = Release|Any CPU
		{A47FC1E0-0229-4C88-865E-6FB0B0009869}.Release|x64.ActiveCfg = Release|Any CPU
		{A47FC1E0-0229-4C88-865E-6FB0B0009869}.Release|x64.Build.0 = Release|Any CPU
		{A47FC1E0-0229-4C88-865E-6FB0B0009869}.Release|x86.ActiveCfg = Release|Any CPU
		{A47FC1E0-0229-4C88-865E-6FB0B0009869}.Release|x86.Build.0 = Release|Any CPU
		{CEB9080F-FE56-47B6-9644-43E40FF896E6}.Debug|Any CPU.ActiveCfg = Debug|Any CPU
		{CEB9080F-FE56-47B6-9644-43E40FF896E6}.Debug|Any CPU.Build.0 = Debug|Any CPU
		{CEB9080F-FE56-47B6-9644-43E40FF896E6}.Debug|x64.ActiveCfg = Debug|Any CPU
		{CEB9080F-FE56-47B6-9644-43E40FF896E6}.Debug|x64.Build.0 = Debug|Any CPU
		{CEB9080F-FE56-47B6-9644-43E40FF896E6}.Debug|x86.ActiveCfg = Debug|Any CPU
		{CEB9080F-FE56-47B6-9644-43E40FF896E6}.Debug|x86.Build.0 = Debug|Any CPU
		{CEB9080F-FE56-47B6-9644-43E40FF896E6}.LinuxTEst|Any CPU.ActiveCfg = LinuxTEst|Any CPU
		{CEB9080F-FE56-47B6-9644-43E40FF896E6}.LinuxTEst|Any CPU.Build.0 = LinuxTEst|Any CPU
		{CEB9080F-FE56-47B6-9644-43E40FF896E6}.LinuxTEst|x64.ActiveCfg = LinuxTEst|Any CPU
		{CEB9080F-FE56-47B6-9644-43E40FF896E6}.LinuxTEst|x64.Build.0 = LinuxTEst|Any CPU
		{CEB9080F-FE56-47B6-9644-43E40FF896E6}.LinuxTEst|x86.ActiveCfg = LinuxTEst|Any CPU
		{CEB9080F-FE56-47B6-9644-43E40FF896E6}.LinuxTEst|x86.Build.0 = LinuxTEst|Any CPU
		{CEB9080F-FE56-47B6-9644-43E40FF896E6}.Release|Any CPU.ActiveCfg = Release|Any CPU
		{CEB9080F-FE56-47B6-9644-43E40FF896E6}.Release|Any CPU.Build.0 = Release|Any CPU
		{CEB9080F-FE56-47B6-9644-43E40FF896E6}.Release|x64.ActiveCfg = Release|Any CPU
		{CEB9080F-FE56-47B6-9644-43E40FF896E6}.Release|x64.Build.0 = Release|Any CPU
		{CEB9080F-FE56-47B6-9644-43E40FF896E6}.Release|x86.ActiveCfg = Release|Any CPU
		{CEB9080F-FE56-47B6-9644-43E40FF896E6}.Release|x86.Build.0 = Release|Any CPU
		{5F779437-D306-4715-8CA7-A10FBD71EC55}.Debug|Any CPU.ActiveCfg = Debug|Any CPU
		{5F779437-D306-4715-8CA7-A10FBD71EC55}.Debug|Any CPU.Build.0 = Debug|Any CPU
		{5F779437-D306-4715-8CA7-A10FBD71EC55}.Debug|x64.ActiveCfg = Debug|Any CPU
		{5F779437-D306-4715-8CA7-A10FBD71EC55}.Debug|x64.Build.0 = Debug|Any CPU
		{5F779437-D306-4715-8CA7-A10FBD71EC55}.Debug|x86.ActiveCfg = Debug|Any CPU
		{5F779437-D306-4715-8CA7-A10FBD71EC55}.Debug|x86.Build.0 = Debug|Any CPU
		{5F779437-D306-4715-8CA7-A10FBD71EC55}.LinuxTEst|Any CPU.ActiveCfg = LinuxTEst|Any CPU
		{5F779437-D306-4715-8CA7-A10FBD71EC55}.LinuxTEst|Any CPU.Build.0 = LinuxTEst|Any CPU
		{5F779437-D306-4715-8CA7-A10FBD71EC55}.LinuxTEst|x64.ActiveCfg = LinuxTEst|Any CPU
		{5F779437-D306-4715-8CA7-A10FBD71EC55}.LinuxTEst|x64.Build.0 = LinuxTEst|Any CPU
		{5F779437-D306-4715-8CA7-A10FBD71EC55}.LinuxTEst|x86.ActiveCfg = LinuxTEst|Any CPU
		{5F779437-D306-4715-8CA7-A10FBD71EC55}.LinuxTEst|x86.Build.0 = LinuxTEst|Any CPU
		{5F779437-D306-4715-8CA7-A10FBD71EC55}.Release|Any CPU.ActiveCfg = Release|Any CPU
		{5F779437-D306-4715-8CA7-A10FBD71EC55}.Release|Any CPU.Build.0 = Release|Any CPU
		{5F779437-D306-4715-8CA7-A10FBD71EC55}.Release|x64.ActiveCfg = Release|Any CPU
		{5F779437-D306-4715-8CA7-A10FBD71EC55}.Release|x64.Build.0 = Release|Any CPU
		{5F779437-D306-4715-8CA7-A10FBD71EC55}.Release|x86.ActiveCfg = Release|Any CPU
		{5F779437-D306-4715-8CA7-A10FBD71EC55}.Release|x86.Build.0 = Release|Any CPU
		{241D9E2C-ADA1-4C88-AD85-7C2E95FD9F66}.Debug|Any CPU.ActiveCfg = Debug|Any CPU
		{241D9E2C-ADA1-4C88-AD85-7C2E95FD9F66}.Debug|Any CPU.Build.0 = Debug|Any CPU
		{241D9E2C-ADA1-4C88-AD85-7C2E95FD9F66}.Debug|x64.ActiveCfg = Debug|Any CPU
		{241D9E2C-ADA1-4C88-AD85-7C2E95FD9F66}.Debug|x64.Build.0 = Debug|Any CPU
		{241D9E2C-ADA1-4C88-AD85-7C2E95FD9F66}.Debug|x86.ActiveCfg = Debug|Any CPU
		{241D9E2C-ADA1-4C88-AD85-7C2E95FD9F66}.Debug|x86.Build.0 = Debug|Any CPU
		{241D9E2C-ADA1-4C88-AD85-7C2E95FD9F66}.LinuxTEst|Any CPU.ActiveCfg = LinuxTEst|Any CPU
		{241D9E2C-ADA1-4C88-AD85-7C2E95FD9F66}.LinuxTEst|Any CPU.Build.0 = LinuxTEst|Any CPU
		{241D9E2C-ADA1-4C88-AD85-7C2E95FD9F66}.LinuxTEst|x64.ActiveCfg = LinuxTEst|Any CPU
		{241D9E2C-ADA1-4C88-AD85-7C2E95FD9F66}.LinuxTEst|x64.Build.0 = LinuxTEst|Any CPU
		{241D9E2C-ADA1-4C88-AD85-7C2E95FD9F66}.LinuxTEst|x86.ActiveCfg = LinuxTEst|Any CPU
		{241D9E2C-ADA1-4C88-AD85-7C2E95FD9F66}.LinuxTEst|x86.Build.0 = LinuxTEst|Any CPU
		{241D9E2C-ADA1-4C88-AD85-7C2E95FD9F66}.Release|Any CPU.ActiveCfg = Release|Any CPU
		{241D9E2C-ADA1-4C88-AD85-7C2E95FD9F66}.Release|Any CPU.Build.0 = Release|Any CPU
		{241D9E2C-ADA1-4C88-AD85-7C2E95FD9F66}.Release|x64.ActiveCfg = Release|Any CPU
		{241D9E2C-ADA1-4C88-AD85-7C2E95FD9F66}.Release|x64.Build.0 = Release|Any CPU
		{241D9E2C-ADA1-4C88-AD85-7C2E95FD9F66}.Release|x86.ActiveCfg = Release|Any CPU
		{241D9E2C-ADA1-4C88-AD85-7C2E95FD9F66}.Release|x86.Build.0 = Release|Any CPU
		{0B150813-C980-498F-BEA9-6972F65A8FC4}.Debug|Any CPU.ActiveCfg = Debug|Any CPU
		{0B150813-C980-498F-BEA9-6972F65A8FC4}.Debug|Any CPU.Build.0 = Debug|Any CPU
		{0B150813-C980-498F-BEA9-6972F65A8FC4}.Debug|x64.ActiveCfg = Debug|Any CPU
		{0B150813-C980-498F-BEA9-6972F65A8FC4}.Debug|x64.Build.0 = Debug|Any CPU
		{0B150813-C980-498F-BEA9-6972F65A8FC4}.Debug|x86.ActiveCfg = Debug|Any CPU
		{0B150813-C980-498F-BEA9-6972F65A8FC4}.Debug|x86.Build.0 = Debug|Any CPU
		{0B150813-C980-498F-BEA9-6972F65A8FC4}.LinuxTEst|Any CPU.ActiveCfg = LinuxTEst|Any CPU
		{0B150813-C980-498F-BEA9-6972F65A8FC4}.LinuxTEst|Any CPU.Build.0 = LinuxTEst|Any CPU
		{0B150813-C980-498F-BEA9-6972F65A8FC4}.LinuxTEst|x64.ActiveCfg = LinuxTEst|Any CPU
		{0B150813-C980-498F-BEA9-6972F65A8FC4}.LinuxTEst|x64.Build.0 = LinuxTEst|Any CPU
		{0B150813-C980-498F-BEA9-6972F65A8FC4}.LinuxTEst|x86.ActiveCfg = LinuxTEst|Any CPU
		{0B150813-C980-498F-BEA9-6972F65A8FC4}.LinuxTEst|x86.Build.0 = LinuxTEst|Any CPU
		{0B150813-C980-498F-BEA9-6972F65A8FC4}.Release|Any CPU.ActiveCfg = Release|Any CPU
		{0B150813-C980-498F-BEA9-6972F65A8FC4}.Release|Any CPU.Build.0 = Release|Any CPU
		{0B150813-C980-498F-BEA9-6972F65A8FC4}.Release|x64.ActiveCfg = Release|Any CPU
		{0B150813-C980-498F-BEA9-6972F65A8FC4}.Release|x64.Build.0 = Release|Any CPU
		{0B150813-C980-498F-BEA9-6972F65A8FC4}.Release|x86.ActiveCfg = Release|Any CPU
		{0B150813-C980-498F-BEA9-6972F65A8FC4}.Release|x86.Build.0 = Release|Any CPU
		{6E52CCB5-4451-42A7-AA64-698A9207263F}.Debug|Any CPU.ActiveCfg = Debug|Any CPU
		{6E52CCB5-4451-42A7-AA64-698A9207263F}.Debug|Any CPU.Build.0 = Debug|Any CPU
		{6E52CCB5-4451-42A7-AA64-698A9207263F}.Debug|x64.ActiveCfg = Debug|Any CPU
		{6E52CCB5-4451-42A7-AA64-698A9207263F}.Debug|x64.Build.0 = Debug|Any CPU
		{6E52CCB5-4451-42A7-AA64-698A9207263F}.Debug|x86.ActiveCfg = Debug|Any CPU
		{6E52CCB5-4451-42A7-AA64-698A9207263F}.Debug|x86.Build.0 = Debug|Any CPU
		{6E52CCB5-4451-42A7-AA64-698A9207263F}.LinuxTEst|Any CPU.ActiveCfg = LinuxTEst|Any CPU
		{6E52CCB5-4451-42A7-AA64-698A9207263F}.LinuxTEst|Any CPU.Build.0 = LinuxTEst|Any CPU
		{6E52CCB5-4451-42A7-AA64-698A9207263F}.LinuxTEst|x64.ActiveCfg = LinuxTEst|Any CPU
		{6E52CCB5-4451-42A7-AA64-698A9207263F}.LinuxTEst|x64.Build.0 = LinuxTEst|Any CPU
		{6E52CCB5-4451-42A7-AA64-698A9207263F}.LinuxTEst|x86.ActiveCfg = LinuxTEst|Any CPU
		{6E52CCB5-4451-42A7-AA64-698A9207263F}.LinuxTEst|x86.Build.0 = LinuxTEst|Any CPU
		{6E52CCB5-4451-42A7-AA64-698A9207263F}.Release|Any CPU.ActiveCfg = Release|Any CPU
		{6E52CCB5-4451-42A7-AA64-698A9207263F}.Release|Any CPU.Build.0 = Release|Any CPU
		{6E52CCB5-4451-42A7-AA64-698A9207263F}.Release|x64.ActiveCfg = Release|Any CPU
		{6E52CCB5-4451-42A7-AA64-698A9207263F}.Release|x64.Build.0 = Release|Any CPU
		{6E52CCB5-4451-42A7-AA64-698A9207263F}.Release|x86.ActiveCfg = Release|Any CPU
		{6E52CCB5-4451-42A7-AA64-698A9207263F}.Release|x86.Build.0 = Release|Any CPU
		{43459E47-7193-4E83-AD09-BDCC4BECABB6}.Debug|Any CPU.ActiveCfg = Debug|Any CPU
		{43459E47-7193-4E83-AD09-BDCC4BECABB6}.Debug|Any CPU.Build.0 = Debug|Any CPU
		{43459E47-7193-4E83-AD09-BDCC4BECABB6}.Debug|x64.ActiveCfg = Debug|Any CPU
		{43459E47-7193-4E83-AD09-BDCC4BECABB6}.Debug|x64.Build.0 = Debug|Any CPU
		{43459E47-7193-4E83-AD09-BDCC4BECABB6}.Debug|x86.ActiveCfg = Debug|Any CPU
		{43459E47-7193-4E83-AD09-BDCC4BECABB6}.Debug|x86.Build.0 = Debug|Any CPU
		{43459E47-7193-4E83-AD09-BDCC4BECABB6}.LinuxTEst|Any CPU.ActiveCfg = LinuxTEst|Any CPU
		{43459E47-7193-4E83-AD09-BDCC4BECABB6}.LinuxTEst|Any CPU.Build.0 = LinuxTEst|Any CPU
		{43459E47-7193-4E83-AD09-BDCC4BECABB6}.LinuxTEst|x64.ActiveCfg = LinuxTEst|Any CPU
		{43459E47-7193-4E83-AD09-BDCC4BECABB6}.LinuxTEst|x64.Build.0 = LinuxTEst|Any CPU
		{43459E47-7193-4E83-AD09-BDCC4BECABB6}.LinuxTEst|x86.ActiveCfg = LinuxTEst|Any CPU
		{43459E47-7193-4E83-AD09-BDCC4BECABB6}.LinuxTEst|x86.Build.0 = LinuxTEst|Any CPU
		{43459E47-7193-4E83-AD09-BDCC4BECABB6}.Release|Any CPU.ActiveCfg = Release|Any CPU
		{43459E47-7193-4E83-AD09-BDCC4BECABB6}.Release|Any CPU.Build.0 = Release|Any CPU
		{43459E47-7193-4E83-AD09-BDCC4BECABB6}.Release|x64.ActiveCfg = Release|Any CPU
		{43459E47-7193-4E83-AD09-BDCC4BECABB6}.Release|x64.Build.0 = Release|Any CPU
		{43459E47-7193-4E83-AD09-BDCC4BECABB6}.Release|x86.ActiveCfg = Release|Any CPU
		{43459E47-7193-4E83-AD09-BDCC4BECABB6}.Release|x86.Build.0 = Release|Any CPU
		{F1DBA5DB-7839-4B6C-989E-3E134F850BB3}.Debug|Any CPU.ActiveCfg = Debug|Any CPU
		{F1DBA5DB-7839-4B6C-989E-3E134F850BB3}.Debug|Any CPU.Build.0 = Debug|Any CPU
		{F1DBA5DB-7839-4B6C-989E-3E134F850BB3}.Debug|x64.ActiveCfg = Debug|Any CPU
		{F1DBA5DB-7839-4B6C-989E-3E134F850BB3}.Debug|x64.Build.0 = Debug|Any CPU
		{F1DBA5DB-7839-4B6C-989E-3E134F850BB3}.Debug|x86.ActiveCfg = Debug|Any CPU
		{F1DBA5DB-7839-4B6C-989E-3E134F850BB3}.Debug|x86.Build.0 = Debug|Any CPU
		{F1DBA5DB-7839-4B6C-989E-3E134F850BB3}.LinuxTEst|Any CPU.ActiveCfg = LinuxTEst|Any CPU
		{F1DBA5DB-7839-4B6C-989E-3E134F850BB3}.LinuxTEst|Any CPU.Build.0 = LinuxTEst|Any CPU
		{F1DBA5DB-7839-4B6C-989E-3E134F850BB3}.LinuxTEst|x64.ActiveCfg = LinuxTEst|Any CPU
		{F1DBA5DB-7839-4B6C-989E-3E134F850BB3}.LinuxTEst|x64.Build.0 = LinuxTEst|Any CPU
		{F1DBA5DB-7839-4B6C-989E-3E134F850BB3}.LinuxTEst|x86.ActiveCfg = LinuxTEst|Any CPU
		{F1DBA5DB-7839-4B6C-989E-3E134F850BB3}.LinuxTEst|x86.Build.0 = LinuxTEst|Any CPU
		{F1DBA5DB-7839-4B6C-989E-3E134F850BB3}.Release|Any CPU.ActiveCfg = Release|Any CPU
		{F1DBA5DB-7839-4B6C-989E-3E134F850BB3}.Release|Any CPU.Build.0 = Release|Any CPU
		{F1DBA5DB-7839-4B6C-989E-3E134F850BB3}.Release|x64.ActiveCfg = Release|Any CPU
		{F1DBA5DB-7839-4B6C-989E-3E134F850BB3}.Release|x64.Build.0 = Release|Any CPU
		{F1DBA5DB-7839-4B6C-989E-3E134F850BB3}.Release|x86.ActiveCfg = Release|Any CPU
		{F1DBA5DB-7839-4B6C-989E-3E134F850BB3}.Release|x86.Build.0 = Release|Any CPU
		{E489DE0B-217F-4E8F-A7BD-424AD845CA88}.Debug|Any CPU.ActiveCfg = Debug|Any CPU
		{E489DE0B-217F-4E8F-A7BD-424AD845CA88}.Debug|Any CPU.Build.0 = Debug|Any CPU
		{E489DE0B-217F-4E8F-A7BD-424AD845CA88}.Debug|x64.ActiveCfg = Debug|Any CPU
		{E489DE0B-217F-4E8F-A7BD-424AD845CA88}.Debug|x64.Build.0 = Debug|Any CPU
		{E489DE0B-217F-4E8F-A7BD-424AD845CA88}.Debug|x86.ActiveCfg = Debug|Any CPU
		{E489DE0B-217F-4E8F-A7BD-424AD845CA88}.Debug|x86.Build.0 = Debug|Any CPU
		{E489DE0B-217F-4E8F-A7BD-424AD845CA88}.LinuxTEst|Any CPU.ActiveCfg = LinuxTEst|Any CPU
		{E489DE0B-217F-4E8F-A7BD-424AD845CA88}.LinuxTEst|Any CPU.Build.0 = LinuxTEst|Any CPU
		{E489DE0B-217F-4E8F-A7BD-424AD845CA88}.LinuxTEst|x64.ActiveCfg = LinuxTEst|Any CPU
		{E489DE0B-217F-4E8F-A7BD-424AD845CA88}.LinuxTEst|x64.Build.0 = LinuxTEst|Any CPU
		{E489DE0B-217F-4E8F-A7BD-424AD845CA88}.LinuxTEst|x86.ActiveCfg = LinuxTEst|Any CPU
		{E489DE0B-217F-4E8F-A7BD-424AD845CA88}.LinuxTEst|x86.Build.0 = LinuxTEst|Any CPU
		{E489DE0B-217F-4E8F-A7BD-424AD845CA88}.Release|Any CPU.ActiveCfg = Release|Any CPU
		{E489DE0B-217F-4E8F-A7BD-424AD845CA88}.Release|Any CPU.Build.0 = Release|Any CPU
		{E489DE0B-217F-4E8F-A7BD-424AD845CA88}.Release|x64.ActiveCfg = Release|Any CPU
		{E489DE0B-217F-4E8F-A7BD-424AD845CA88}.Release|x64.Build.0 = Release|Any CPU
		{E489DE0B-217F-4E8F-A7BD-424AD845CA88}.Release|x86.ActiveCfg = Release|Any CPU
		{E489DE0B-217F-4E8F-A7BD-424AD845CA88}.Release|x86.Build.0 = Release|Any CPU
		{EA0A999D-8522-4D01-92FB-86CA7FB0635C}.Debug|Any CPU.ActiveCfg = Debug|Any CPU
		{EA0A999D-8522-4D01-92FB-86CA7FB0635C}.Debug|Any CPU.Build.0 = Debug|Any CPU
		{EA0A999D-8522-4D01-92FB-86CA7FB0635C}.Debug|x64.ActiveCfg = Debug|Any CPU
		{EA0A999D-8522-4D01-92FB-86CA7FB0635C}.Debug|x64.Build.0 = Debug|Any CPU
		{EA0A999D-8522-4D01-92FB-86CA7FB0635C}.Debug|x86.ActiveCfg = Debug|Any CPU
		{EA0A999D-8522-4D01-92FB-86CA7FB0635C}.Debug|x86.Build.0 = Debug|Any CPU
		{EA0A999D-8522-4D01-92FB-86CA7FB0635C}.LinuxTEst|Any CPU.ActiveCfg = LinuxTEst|Any CPU
		{EA0A999D-8522-4D01-92FB-86CA7FB0635C}.LinuxTEst|Any CPU.Build.0 = LinuxTEst|Any CPU
		{EA0A999D-8522-4D01-92FB-86CA7FB0635C}.LinuxTEst|x64.ActiveCfg = LinuxTEst|Any CPU
		{EA0A999D-8522-4D01-92FB-86CA7FB0635C}.LinuxTEst|x64.Build.0 = LinuxTEst|Any CPU
		{EA0A999D-8522-4D01-92FB-86CA7FB0635C}.LinuxTEst|x86.ActiveCfg = LinuxTEst|Any CPU
		{EA0A999D-8522-4D01-92FB-86CA7FB0635C}.LinuxTEst|x86.Build.0 = LinuxTEst|Any CPU
		{EA0A999D-8522-4D01-92FB-86CA7FB0635C}.Release|Any CPU.ActiveCfg = Release|Any CPU
		{EA0A999D-8522-4D01-92FB-86CA7FB0635C}.Release|Any CPU.Build.0 = Release|Any CPU
		{EA0A999D-8522-4D01-92FB-86CA7FB0635C}.Release|x64.ActiveCfg = Release|Any CPU
		{EA0A999D-8522-4D01-92FB-86CA7FB0635C}.Release|x64.Build.0 = Release|Any CPU
		{EA0A999D-8522-4D01-92FB-86CA7FB0635C}.Release|x86.ActiveCfg = Release|Any CPU
		{EA0A999D-8522-4D01-92FB-86CA7FB0635C}.Release|x86.Build.0 = Release|Any CPU
		{92249FBF-7678-4C1D-B365-DF2682293F2E}.Debug|Any CPU.ActiveCfg = Debug|Any CPU
		{92249FBF-7678-4C1D-B365-DF2682293F2E}.Debug|Any CPU.Build.0 = Debug|Any CPU
		{92249FBF-7678-4C1D-B365-DF2682293F2E}.Debug|x64.ActiveCfg = Debug|Any CPU
		{92249FBF-7678-4C1D-B365-DF2682293F2E}.Debug|x64.Build.0 = Debug|Any CPU
		{92249FBF-7678-4C1D-B365-DF2682293F2E}.Debug|x86.ActiveCfg = Debug|Any CPU
		{92249FBF-7678-4C1D-B365-DF2682293F2E}.Debug|x86.Build.0 = Debug|Any CPU
		{92249FBF-7678-4C1D-B365-DF2682293F2E}.LinuxTEst|Any CPU.ActiveCfg = LinuxTEst|Any CPU
		{92249FBF-7678-4C1D-B365-DF2682293F2E}.LinuxTEst|Any CPU.Build.0 = LinuxTEst|Any CPU
		{92249FBF-7678-4C1D-B365-DF2682293F2E}.LinuxTEst|x64.ActiveCfg = LinuxTEst|Any CPU
		{92249FBF-7678-4C1D-B365-DF2682293F2E}.LinuxTEst|x64.Build.0 = LinuxTEst|Any CPU
		{92249FBF-7678-4C1D-B365-DF2682293F2E}.LinuxTEst|x86.ActiveCfg = LinuxTEst|Any CPU
		{92249FBF-7678-4C1D-B365-DF2682293F2E}.LinuxTEst|x86.Build.0 = LinuxTEst|Any CPU
		{92249FBF-7678-4C1D-B365-DF2682293F2E}.Release|Any CPU.ActiveCfg = Release|Any CPU
		{92249FBF-7678-4C1D-B365-DF2682293F2E}.Release|Any CPU.Build.0 = Release|Any CPU
		{92249FBF-7678-4C1D-B365-DF2682293F2E}.Release|x64.ActiveCfg = Release|Any CPU
		{92249FBF-7678-4C1D-B365-DF2682293F2E}.Release|x64.Build.0 = Release|Any CPU
		{92249FBF-7678-4C1D-B365-DF2682293F2E}.Release|x86.ActiveCfg = Release|Any CPU
		{92249FBF-7678-4C1D-B365-DF2682293F2E}.Release|x86.Build.0 = Release|Any CPU
		{7E685A02-0348-415D-84E8-4B239821C66F}.Debug|Any CPU.ActiveCfg = Debug|Any CPU
		{7E685A02-0348-415D-84E8-4B239821C66F}.Debug|Any CPU.Build.0 = Debug|Any CPU
		{7E685A02-0348-415D-84E8-4B239821C66F}.Debug|x64.ActiveCfg = Debug|Any CPU
		{7E685A02-0348-415D-84E8-4B239821C66F}.Debug|x64.Build.0 = Debug|Any CPU
		{7E685A02-0348-415D-84E8-4B239821C66F}.Debug|x86.ActiveCfg = Debug|Any CPU
		{7E685A02-0348-415D-84E8-4B239821C66F}.Debug|x86.Build.0 = Debug|Any CPU
		{7E685A02-0348-415D-84E8-4B239821C66F}.LinuxTEst|Any CPU.ActiveCfg = Debug|Any CPU
		{7E685A02-0348-415D-84E8-4B239821C66F}.LinuxTEst|Any CPU.Build.0 = Debug|Any CPU
		{7E685A02-0348-415D-84E8-4B239821C66F}.LinuxTEst|x64.ActiveCfg = Debug|Any CPU
		{7E685A02-0348-415D-84E8-4B239821C66F}.LinuxTEst|x64.Build.0 = Debug|Any CPU
		{7E685A02-0348-415D-84E8-4B239821C66F}.LinuxTEst|x86.ActiveCfg = Debug|Any CPU
		{7E685A02-0348-415D-84E8-4B239821C66F}.LinuxTEst|x86.Build.0 = Debug|Any CPU
		{7E685A02-0348-415D-84E8-4B239821C66F}.Release|Any CPU.ActiveCfg = Release|Any CPU
		{7E685A02-0348-415D-84E8-4B239821C66F}.Release|Any CPU.Build.0 = Release|Any CPU
		{7E685A02-0348-415D-84E8-4B239821C66F}.Release|x64.ActiveCfg = Release|Any CPU
		{7E685A02-0348-415D-84E8-4B239821C66F}.Release|x64.Build.0 = Release|Any CPU
		{7E685A02-0348-415D-84E8-4B239821C66F}.Release|x86.ActiveCfg = Release|Any CPU
		{7E685A02-0348-415D-84E8-4B239821C66F}.Release|x86.Build.0 = Release|Any CPU
		{D9A6B0D9-12CA-42F8-8D70-CA2758DB97C0}.Debug|Any CPU.ActiveCfg = Debug|Any CPU
		{D9A6B0D9-12CA-42F8-8D70-CA2758DB97C0}.Debug|Any CPU.Build.0 = Debug|Any CPU
		{D9A6B0D9-12CA-42F8-8D70-CA2758DB97C0}.Debug|x64.ActiveCfg = Debug|Any CPU
		{D9A6B0D9-12CA-42F8-8D70-CA2758DB97C0}.Debug|x64.Build.0 = Debug|Any CPU
		{D9A6B0D9-12CA-42F8-8D70-CA2758DB97C0}.Debug|x86.ActiveCfg = Debug|Any CPU
		{D9A6B0D9-12CA-42F8-8D70-CA2758DB97C0}.Debug|x86.Build.0 = Debug|Any CPU
		{D9A6B0D9-12CA-42F8-8D70-CA2758DB97C0}.LinuxTEst|Any CPU.ActiveCfg = Debug|Any CPU
		{D9A6B0D9-12CA-42F8-8D70-CA2758DB97C0}.LinuxTEst|Any CPU.Build.0 = Debug|Any CPU
		{D9A6B0D9-12CA-42F8-8D70-CA2758DB97C0}.LinuxTEst|x64.ActiveCfg = Debug|Any CPU
		{D9A6B0D9-12CA-42F8-8D70-CA2758DB97C0}.LinuxTEst|x64.Build.0 = Debug|Any CPU
		{D9A6B0D9-12CA-42F8-8D70-CA2758DB97C0}.LinuxTEst|x86.ActiveCfg = Debug|Any CPU
		{D9A6B0D9-12CA-42F8-8D70-CA2758DB97C0}.LinuxTEst|x86.Build.0 = Debug|Any CPU
		{D9A6B0D9-12CA-42F8-8D70-CA2758DB97C0}.Release|Any CPU.ActiveCfg = Release|Any CPU
		{D9A6B0D9-12CA-42F8-8D70-CA2758DB97C0}.Release|Any CPU.Build.0 = Release|Any CPU
		{D9A6B0D9-12CA-42F8-8D70-CA2758DB97C0}.Release|x64.ActiveCfg = Release|Any CPU
		{D9A6B0D9-12CA-42F8-8D70-CA2758DB97C0}.Release|x64.Build.0 = Release|Any CPU
		{D9A6B0D9-12CA-42F8-8D70-CA2758DB97C0}.Release|x86.ActiveCfg = Release|Any CPU
		{D9A6B0D9-12CA-42F8-8D70-CA2758DB97C0}.Release|x86.Build.0 = Release|Any CPU
		{321F702A-B2F3-430E-8E7C-9F2F0C0D1A17}.Debug|Any CPU.ActiveCfg = Debug|Any CPU
		{321F702A-B2F3-430E-8E7C-9F2F0C0D1A17}.Debug|Any CPU.Build.0 = Debug|Any CPU
		{321F702A-B2F3-430E-8E7C-9F2F0C0D1A17}.Debug|x64.ActiveCfg = Debug|Any CPU
		{321F702A-B2F3-430E-8E7C-9F2F0C0D1A17}.Debug|x64.Build.0 = Debug|Any CPU
		{321F702A-B2F3-430E-8E7C-9F2F0C0D1A17}.Debug|x86.ActiveCfg = Debug|Any CPU
		{321F702A-B2F3-430E-8E7C-9F2F0C0D1A17}.Debug|x86.Build.0 = Debug|Any CPU
		{321F702A-B2F3-430E-8E7C-9F2F0C0D1A17}.LinuxTEst|Any CPU.ActiveCfg = Debug|Any CPU
		{321F702A-B2F3-430E-8E7C-9F2F0C0D1A17}.LinuxTEst|Any CPU.Build.0 = Debug|Any CPU
		{321F702A-B2F3-430E-8E7C-9F2F0C0D1A17}.LinuxTEst|x64.ActiveCfg = Debug|Any CPU
		{321F702A-B2F3-430E-8E7C-9F2F0C0D1A17}.LinuxTEst|x64.Build.0 = Debug|Any CPU
		{321F702A-B2F3-430E-8E7C-9F2F0C0D1A17}.LinuxTEst|x86.ActiveCfg = Debug|Any CPU
		{321F702A-B2F3-430E-8E7C-9F2F0C0D1A17}.LinuxTEst|x86.Build.0 = Debug|Any CPU
		{321F702A-B2F3-430E-8E7C-9F2F0C0D1A17}.Release|Any CPU.ActiveCfg = Release|Any CPU
		{321F702A-B2F3-430E-8E7C-9F2F0C0D1A17}.Release|Any CPU.Build.0 = Release|Any CPU
		{321F702A-B2F3-430E-8E7C-9F2F0C0D1A17}.Release|x64.ActiveCfg = Release|Any CPU
		{321F702A-B2F3-430E-8E7C-9F2F0C0D1A17}.Release|x64.Build.0 = Release|Any CPU
		{321F702A-B2F3-430E-8E7C-9F2F0C0D1A17}.Release|x86.ActiveCfg = Release|Any CPU
		{321F702A-B2F3-430E-8E7C-9F2F0C0D1A17}.Release|x86.Build.0 = Release|Any CPU
		{FE9C8483-043D-4AF1-9502-2DC8384325ED}.Debug|Any CPU.ActiveCfg = Debug|Any CPU
		{FE9C8483-043D-4AF1-9502-2DC8384325ED}.Debug|Any CPU.Build.0 = Debug|Any CPU
		{FE9C8483-043D-4AF1-9502-2DC8384325ED}.Debug|x64.ActiveCfg = Debug|Any CPU
		{FE9C8483-043D-4AF1-9502-2DC8384325ED}.Debug|x64.Build.0 = Debug|Any CPU
		{FE9C8483-043D-4AF1-9502-2DC8384325ED}.Debug|x86.ActiveCfg = Debug|Any CPU
		{FE9C8483-043D-4AF1-9502-2DC8384325ED}.Debug|x86.Build.0 = Debug|Any CPU
		{FE9C8483-043D-4AF1-9502-2DC8384325ED}.LinuxTEst|Any CPU.ActiveCfg = Debug|Any CPU
		{FE9C8483-043D-4AF1-9502-2DC8384325ED}.LinuxTEst|Any CPU.Build.0 = Debug|Any CPU
		{FE9C8483-043D-4AF1-9502-2DC8384325ED}.LinuxTEst|x64.ActiveCfg = Debug|Any CPU
		{FE9C8483-043D-4AF1-9502-2DC8384325ED}.LinuxTEst|x64.Build.0 = Debug|Any CPU
		{FE9C8483-043D-4AF1-9502-2DC8384325ED}.LinuxTEst|x86.ActiveCfg = Debug|Any CPU
		{FE9C8483-043D-4AF1-9502-2DC8384325ED}.LinuxTEst|x86.Build.0 = Debug|Any CPU
		{FE9C8483-043D-4AF1-9502-2DC8384325ED}.Release|Any CPU.ActiveCfg = Release|Any CPU
		{FE9C8483-043D-4AF1-9502-2DC8384325ED}.Release|Any CPU.Build.0 = Release|Any CPU
		{FE9C8483-043D-4AF1-9502-2DC8384325ED}.Release|x64.ActiveCfg = Release|Any CPU
		{FE9C8483-043D-4AF1-9502-2DC8384325ED}.Release|x64.Build.0 = Release|Any CPU
		{FE9C8483-043D-4AF1-9502-2DC8384325ED}.Release|x86.ActiveCfg = Release|Any CPU
		{FE9C8483-043D-4AF1-9502-2DC8384325ED}.Release|x86.Build.0 = Release|Any CPU
	EndGlobalSection
	GlobalSection(SolutionProperties) = preSolution
		HideSolutionNode = FALSE
	EndGlobalSection
	GlobalSection(ExtensibilityGlobals) = postSolution
		SolutionGuid = {6D13869A-CEA1-4941-8531-915CB6E538EA}
	EndGlobalSection
EndGlobal
